
Microsoft Visual Studio Solution File, Format Version 12.00
# Visual Studio 15
VisualStudioVersion = 15.0.27130.2026
MinimumVisualStudioVersion = 10.0.40219.1
Project("{E24C65DC-7377-472B-9ABA-BC803B73C61A}") = "UdemyJSArray", "UdemyJSArray\", "{83C2C643-97D7-47F1-8047-125E0FF78CDC}"
	ProjectSection(WebsiteProperties) = preProject
		TargetFrameworkMoniker = ".NETFramework,Version%3Dv4.6.1"
		Debug.AspNetCompiler.VirtualPath = "/localhost_53016"
		Debug.AspNetCompiler.PhysicalPath = "UdemyJSArray\"
		Debug.AspNetCompiler.TargetPath = "PrecompiledWeb\localhost_53016\"
		Debug.AspNetCompiler.Updateable = "true"
		Debug.AspNetCompiler.ForceOverwrite = "true"
		Debug.AspNetCompiler.FixedNames = "false"
		Debug.AspNetCompiler.Debug = "True"
		Release.AspNetCompiler.VirtualPath = "/localhost_53016"
		Release.AspNetCompiler.PhysicalPath = "UdemyJSArray\"
		Release.AspNetCompiler.TargetPath = "PrecompiledWeb\localhost_53016\"
		Release.AspNetCompiler.Updateable = "true"
		Release.AspNetCompiler.ForceOverwrite = "true"
		Release.AspNetCompiler.FixedNames = "false"
		Release.AspNetCompiler.Debug = "False"
		VWDPort = "53016"
		DefaultWebSiteLanguage = "Visual C#"
	EndProjectSection
EndProject
Global
	GlobalSection(SolutionConfigurationPlatforms) = preSolution
		Debug|Any CPU = Debug|Any CPU
	EndGlobalSection
	GlobalSection(ProjectConfigurationPlatforms) = postSolution
		{83C2C643-97D7-47F1-8047-125E0FF78CDC}.Debug|Any CPU.ActiveCfg = Debug|Any CPU
		{83C2C643-97D7-47F1-8047-125E0FF78CDC}.Debug|Any CPU.Build.0 = Debug|Any CPU
	EndGlobalSection
	GlobalSection(SolutionProperties) = preSolution
		HideSolutionNode = FALSE
	EndGlobalSection
	GlobalSection(ExtensibilityGlobals) = postSolution
		SolutionGuid = {5BACA586-8A9A-4707-896B-EB6A09EF19C6}
	EndGlobalSection
EndGlobal
